{
  "name": "lab_6_2",
  "lockfileVersion": 3,
  "requires": true,
  "packages": {
    "": {
      "dependencies": {
        "tecsup-2023-venturaramirez": "^1.0.0"
      }
    },
    "node_modules/tecsup-2023-venturaramirez": {
      "version": "1.0.0",
      "resolved": "https://registry.npmjs.org/tecsup-2023-venturaramirez/-/tecsup-2023-venturaramirez-1.0.0.tgz",
      "integrity": "sha512-8vSObBL5/KyafqE7EwGiwJZO2LgonAHYRpEGmwBFIY/bSme85cqi5fleXDjTfBu1pnIu7Xp1omgU748HpkADcw==",
      "dependencies": {
        "underscore": "^1.13.6"
      }
    },
    "node_modules/underscore": {
      "version": "1.13.6",
      "resolved": "https://registry.npmjs.org/underscore/-/underscore-1.13.6.tgz",
      "integrity": "sha512-+A5Sja4HP1M08MaXya7p5LvjuM7K6q/2EaC0+iovj/wOcMsTzMvDFbasi/oSapiwOlt252IqsKqPjCl7huKS0A=="
    }
  }
}
